
Microsoft Visual Studio Solution File, Format Version 12.00
# Visual Studio Version 17
VisualStudioVersion = 17.10.35013.160
MinimumVisualStudioVersion = 10.0.40219.1
Project("{FAE04EC0-301F-11D3-BF4B-00C04F79EFBC}") = "DALCore", "DALCore\DALCore.csproj", "{E745A751-0B61-4FBB-95AD-44FBCF0BBE99}"
EndProject
Project("{FAE04EC0-301F-11D3-BF4B-00C04F79EFBC}") = "BLLInfrastructure", "BLLInfrastructure\BLLInfrastructure.csproj", "{DDD1C309-1E83-4C40-A1E5-3C68F0D93846}"
EndProject
Project("{FAE04EC0-301F-11D3-BF4B-00C04F79EFBC}") = "MockApi", "MockApi\MockApi.csproj", "{968AE5E4-A0C4-45BF-A78B-316BF3549274}"
EndProject
Global
	GlobalSection(SolutionConfigurationPlatforms) = preSolution
		Debug|Any CPU = Debug|Any CPU
		Release|Any CPU = Release|Any CPU
	EndGlobalSection
	GlobalSection(ProjectConfigurationPlatforms) = postSolution
		{E745A751-0B61-4FBB-95AD-44FBCF0BBE99}.Debug|Any CPU.ActiveCfg = Debug|Any CPU
		{E745A751-0B61-4FBB-95AD-44FBCF0BBE99}.Debug|Any CPU.Build.0 = Debug|Any CPU
		{E745A751-0B61-4FBB-95AD-44FBCF0BBE99}.Release|Any CPU.ActiveCfg = Release|Any CPU
		{E745A751-0B61-4FBB-95AD-44FBCF0BBE99}.Release|Any CPU.Build.0 = Release|Any CPU
		{DDD1C309-1E83-4C40-A1E5-3C68F0D93846}.Debug|Any CPU.ActiveCfg = Debug|Any CPU
		{DDD1C309-1E83-4C40-A1E5-3C68F0D93846}.Debug|Any CPU.Build.0 = Debug|Any CPU
		{DDD1C309-1E83-4C40-A1E5-3C68F0D93846}.Release|Any CPU.ActiveCfg = Release|Any CPU
		{DDD1C309-1E83-4C40-A1E5-3C68F0D93846}.Release|Any CPU.Build.0 = Release|Any CPU
		{968AE5E4-A0C4-45BF-A78B-316BF3549274}.Debug|Any CPU.ActiveCfg = Debug|Any CPU
		{968AE5E4-A0C4-45BF-A78B-316BF3549274}.Debug|Any CPU.Build.0 = Debug|Any CPU
		{968AE5E4-A0C4-45BF-A78B-316BF3549274}.Release|Any CPU.ActiveCfg = Release|Any CPU
		{968AE5E4-A0C4-45BF-A78B-316BF3549274}.Release|Any CPU.Build.0 = Release|Any CPU
	EndGlobalSection
	GlobalSection(SolutionProperties) = preSolution
		HideSolutionNode = FALSE
	EndGlobalSection
	GlobalSection(ExtensibilityGlobals) = postSolution
		SolutionGuid = {66362431-A2B5-4CA1-96DD-2E5108613DAC}
	EndGlobalSection
EndGlobal
